
Microsoft Visual Studio Solution File, Format Version 12.00
# Visual Studio Version 17
VisualStudioVersion = 17.14.36327.8 d17.14
MinimumVisualStudioVersion = 10.0.40219.1
Project("{FAE04EC0-301F-11D3-BF4B-00C04F79EFBC}") = "ICA01_SadieP", "ICA01_SadieP.csproj", "{01F4E787-1F30-4D7C-8DFE-5641FC3423BE}"
EndProject
Global
	GlobalSection(SolutionConfigurationPlatforms) = preSolution
		Debug|Any CPU = Debug|Any CPU
		Release|Any CPU = Release|Any CPU
	EndGlobalSection
	GlobalSection(ProjectConfigurationPlatforms) = postSolution
		{01F4E787-1F30-4D7C-8DFE-5641FC3423BE}.Debug|Any CPU.ActiveCfg = Debug|Any CPU
		{01F4E787-1F30-4D7C-8DFE-5641FC3423BE}.Debug|Any CPU.Build.0 = Debug|Any CPU
		{01F4E787-1F30-4D7C-8DFE-5641FC3423BE}.Release|Any CPU.ActiveCfg = Release|Any CPU
		{01F4E787-1F30-4D7C-8DFE-5641FC3423BE}.Release|Any CPU.Build.0 = Release|Any CPU
	EndGlobalSection
	GlobalSection(SolutionProperties) = preSolution
		HideSolutionNode = FALSE
	EndGlobalSection
	GlobalSection(ExtensibilityGlobals) = postSolution
		SolutionGuid = {65240706-2F27-4A55-B506-C09530B1CE61}
	EndGlobalSection
EndGlobal
